
Microsoft Visual Studio Solution File, Format Version 12.00
# Visual Studio Version 17
VisualStudioVersion = 17.2.32519.379
MinimumVisualStudioVersion = 10.0.40219.1
Project("{8BC9CEB8-8B4A-11D0-8D11-00A0C91BC942}") = "dx11w_vc143", "dx11w\dx11w_vc143.vcxproj", "{7346BC44-FDF6-4673-82DD-C27B242AD8F6}"
EndProject
Project("{8BC9CEB8-8B4A-11D0-8D11-00A0C91BC942}") = "dx11w_window_vc143", "dx11w_window\dx11w_window_vc143.vcxproj", "{23ED3D0A-B3F5-4161-939B-CE0DDC0C8567}"
	ProjectSection(ProjectDependencies) = postProject
		{7346BC44-FDF6-4673-82DD-C27B242AD8F6} = {7346BC44-FDF6-4673-82DD-C27B242AD8F6}
	EndProjectSection
EndProject
Project("{8BC9CEB8-8B4A-11D0-8D11-00A0C91BC942}") = "dx11w_draw_vc143", "dx11w_draw\dx11w_draw_vc143.vcxproj", "{D5D2E1A6-E6DC-4980-ADA6-02874BE314CE}"
	ProjectSection(ProjectDependencies) = postProject
		{7346BC44-FDF6-4673-82DD-C27B242AD8F6} = {7346BC44-FDF6-4673-82DD-C27B242AD8F6}
	EndProjectSection
EndProject
Global
	GlobalSection(SolutionConfigurationPlatforms) = preSolution
		Debug|x64 = Debug|x64
		Debug|x86 = Debug|x86
		Release|x64 = Release|x64
		Release|x86 = Release|x86
	EndGlobalSection
	GlobalSection(ProjectConfigurationPlatforms) = postSolution
		{7346BC44-FDF6-4673-82DD-C27B242AD8F6}.Debug|x64.ActiveCfg = Debug|x64
		{7346BC44-FDF6-4673-82DD-C27B242AD8F6}.Debug|x64.Build.0 = Debug|x64
		{7346BC44-FDF6-4673-82DD-C27B242AD8F6}.Debug|x86.ActiveCfg = Debug|Win32
		{7346BC44-FDF6-4673-82DD-C27B242AD8F6}.Debug|x86.Build.0 = Debug|Win32
		{7346BC44-FDF6-4673-82DD-C27B242AD8F6}.Release|x64.ActiveCfg = Release|x64
		{7346BC44-FDF6-4673-82DD-C27B242AD8F6}.Release|x64.Build.0 = Release|x64
		{7346BC44-FDF6-4673-82DD-C27B242AD8F6}.Release|x86.ActiveCfg = Release|Win32
		{7346BC44-FDF6-4673-82DD-C27B242AD8F6}.Release|x86.Build.0 = Release|Win32
		{23ED3D0A-B3F5-4161-939B-CE0DDC0C8567}.Debug|x64.ActiveCfg = Debug|x64
		{23ED3D0A-B3F5-4161-939B-CE0DDC0C8567}.Debug|x64.Build.0 = Debug|x64
		{23ED3D0A-B3F5-4161-939B-CE0DDC0C8567}.Debug|x86.ActiveCfg = Debug|Win32
		{23ED3D0A-B3F5-4161-939B-CE0DDC0C8567}.Debug|x86.Build.0 = Debug|Win32
		{23ED3D0A-B3F5-4161-939B-CE0DDC0C8567}.Release|x64.ActiveCfg = Release|x64
		{23ED3D0A-B3F5-4161-939B-CE0DDC0C8567}.Release|x64.Build.0 = Release|x64
		{23ED3D0A-B3F5-4161-939B-CE0DDC0C8567}.Release|x86.ActiveCfg = Release|Win32
		{23ED3D0A-B3F5-4161-939B-CE0DDC0C8567}.Release|x86.Build.0 = Release|Win32
		{D5D2E1A6-E6DC-4980-ADA6-02874BE314CE}.Debug|x64.ActiveCfg = Debug|x64
		{D5D2E1A6-E6DC-4980-ADA6-02874BE314CE}.Debug|x64.Build.0 = Debug|x64
		{D5D2E1A6-E6DC-4980-ADA6-02874BE314CE}.Debug|x86.ActiveCfg = Debug|Win32
		{D5D2E1A6-E6DC-4980-ADA6-02874BE314CE}.Debug|x86.Build.0 = Debug|Win32
		{D5D2E1A6-E6DC-4980-ADA6-02874BE314CE}.Release|x64.ActiveCfg = Release|x64
		{D5D2E1A6-E6DC-4980-ADA6-02874BE314CE}.Release|x64.Build.0 = Release|x64
		{D5D2E1A6-E6DC-4980-ADA6-02874BE314CE}.Release|x86.ActiveCfg = Release|Win32
		{D5D2E1A6-E6DC-4980-ADA6-02874BE314CE}.Release|x86.Build.0 = Release|Win32
	EndGlobalSection
	GlobalSection(SolutionProperties) = preSolution
		HideSolutionNode = FALSE
	EndGlobalSection
	GlobalSection(ExtensibilityGlobals) = postSolution
		SolutionGuid = {E93801F9-9C35-4D43-9F2B-C36AF84B3233}
	EndGlobalSection
EndGlobal
