<?xml version="1.0" encoding="utf-8"?>
<Project ToolsVersion="4.0" xmlns="http://schemas.microsoft.com/developer/msbuild/2003">
  <ItemGroup>
    <ClInclude Include="precompile.h" />
    <ClInclude Include="Object.h" />
    <ClInclude Include="Core.h" />
    <ClInclude Include="Common.h" />
    <ClInclude Include="float4.h" />
    <ClInclude Include="float2.h" />
    <ClInclude Include="float3.h" />
    <ClInclude Include="float4x4.h" />
    <ClInclude Include="DXMath.h" />
    <ClInclude Include="Input.h" />
    <ClInclude Include="Framerate.h" />
    <ClInclude Include="Buffer.h" />
    <ClInclude Include="Shader.h" />
    <ClInclude Include="InputAssembler.h" />
  </ItemGroup>
  <ItemGroup>
    <ClCompile Include="precompile.cpp" />
    <ClCompile Include="Core.cpp" />
    <ClCompile Include="Common.cpp" />
    <ClCompile Include="float4.cpp" />
    <ClCompile Include="float2.cpp" />
    <ClCompile Include="float3.cpp" />
    <ClCompile Include="float4x4.cpp" />
    <ClCompile Include="Input.cpp" />
    <ClCompile Include="Framerate.cpp" />
    <ClCompile Include="Buffer.cpp" />
    <ClCompile Include="Shader.cpp" />
    <ClCompile Include="InputAssembler.cpp" />
  </ItemGroup>
</Project>